
Microsoft Visual Studio Solution File, Format Version 12.00
# Visual Studio Version 17
VisualStudioVersion = 17.0.31903.59
MinimumVisualStudioVersion = 10.0.40219.1
Project("{FAE04EC0-301F-11D3-BF4B-00C04F79EFBC}") = "GymSystemClean.API", "GymSystemClean.API\GymSystemClean.API.csproj", "{2260A9F0-0276-44E9-9278-841B334F7A34}"
EndProject
Project("{FAE04EC0-301F-11D3-BF4B-00C04F79EFBC}") = "GymSystemClean.Application", "GymSystemClean.Application\GymSystemClean.Application.csproj", "{CF5B3FD0-C1F9-4295-86CA-6FF4AFF5D5E5}"
EndProject
Project("{FAE04EC0-301F-11D3-BF4B-00C04F79EFBC}") = "GymSystemClean.Domain", "GymSystemClean.Domain\GymSystemClean.Domain.csproj", "{0A0EDF53-E170-403C-9183-133148823B90}"
EndProject
Project("{FAE04EC0-301F-11D3-BF4B-00C04F79EFBC}") = "GymSystemClean.Infrastructure", "GymSystemClean.Infrastructure\GymSystemClean.Infrastructure.csproj", "{B2FE1FFA-0551-4A78-A7A7-15C79918A087}"
EndProject
Global
	GlobalSection(SolutionConfigurationPlatforms) = preSolution
		Debug|Any CPU = Debug|Any CPU
		Release|Any CPU = Release|Any CPU
	EndGlobalSection
	GlobalSection(SolutionProperties) = preSolution
		HideSolutionNode = FALSE
	EndGlobalSection
	GlobalSection(ProjectConfigurationPlatforms) = postSolution
		{2260A9F0-0276-44E9-9278-841B334F7A34}.Debug|Any CPU.ActiveCfg = Debug|Any CPU
		{2260A9F0-0276-44E9-9278-841B334F7A34}.Debug|Any CPU.Build.0 = Debug|Any CPU
		{2260A9F0-0276-44E9-9278-841B334F7A34}.Release|Any CPU.ActiveCfg = Release|Any CPU
		{2260A9F0-0276-44E9-9278-841B334F7A34}.Release|Any CPU.Build.0 = Release|Any CPU
		{CF5B3FD0-C1F9-4295-86CA-6FF4AFF5D5E5}.Debug|Any CPU.ActiveCfg = Debug|Any CPU
		{CF5B3FD0-C1F9-4295-86CA-6FF4AFF5D5E5}.Debug|Any CPU.Build.0 = Debug|Any CPU
		{CF5B3FD0-C1F9-4295-86CA-6FF4AFF5D5E5}.Release|Any CPU.ActiveCfg = Release|Any CPU
		{CF5B3FD0-C1F9-4295-86CA-6FF4AFF5D5E5}.Release|Any CPU.Build.0 = Release|Any CPU
		{0A0EDF53-E170-403C-9183-133148823B90}.Debug|Any CPU.ActiveCfg = Debug|Any CPU
		{0A0EDF53-E170-403C-9183-133148823B90}.Debug|Any CPU.Build.0 = Debug|Any CPU
		{0A0EDF53-E170-403C-9183-133148823B90}.Release|Any CPU.ActiveCfg = Release|Any CPU
		{0A0EDF53-E170-403C-9183-133148823B90}.Release|Any CPU.Build.0 = Release|Any CPU
		{B2FE1FFA-0551-4A78-A7A7-15C79918A087}.Debug|Any CPU.ActiveCfg = Debug|Any CPU
		{B2FE1FFA-0551-4A78-A7A7-15C79918A087}.Debug|Any CPU.Build.0 = Debug|Any CPU
		{B2FE1FFA-0551-4A78-A7A7-15C79918A087}.Release|Any CPU.ActiveCfg = Release|Any CPU
		{B2FE1FFA-0551-4A78-A7A7-15C79918A087}.Release|Any CPU.Build.0 = Release|Any CPU
	EndGlobalSection
EndGlobal
